
Microsoft Visual Studio Solution File, Format Version 12.00
# Visual Studio Version 16
VisualStudioVersion = 16.0.31321.278
MinimumVisualStudioVersion = 10.0.40219.1
Project("{FAE04EC0-301F-11D3-BF4B-00C04F79EFBC}") = "WinSmallGames", "WinSmallGames\WinSmallGames.csproj", "{64BCBBB2-D1C4-42EA-AB2D-C076FDFFE668}"
EndProject
Global
	GlobalSection(SolutionConfigurationPlatforms) = preSolution
		Debug|Any CPU = Debug|Any CPU
		Release|Any CPU = Release|Any CPU
	EndGlobalSection
	GlobalSection(ProjectConfigurationPlatforms) = postSolution
		{64BCBBB2-D1C4-42EA-AB2D-C076FDFFE668}.Debug|Any CPU.ActiveCfg = Debug|Any CPU
		{64BCBBB2-D1C4-42EA-AB2D-C076FDFFE668}.Debug|Any CPU.Build.0 = Debug|Any CPU
		{64BCBBB2-D1C4-42EA-AB2D-C076FDFFE668}.Release|Any CPU.ActiveCfg = Release|Any CPU
		{64BCBBB2-D1C4-42EA-AB2D-C076FDFFE668}.Release|Any CPU.Build.0 = Release|Any CPU
	EndGlobalSection
	GlobalSection(SolutionProperties) = preSolution
		HideSolutionNode = FALSE
	EndGlobalSection
	GlobalSection(ExtensibilityGlobals) = postSolution
		SolutionGuid = {9281AC24-A091-4D56-A5F3-1D1D20FFBFFD}
	EndGlobalSection
EndGlobal
